dependencies:
  idf:
    source:
      type: idf
    version: 5.3.3
  lvgl/lvgl:
    component_hash: 184e532558c1c45fefed631f3e235423d22582aafb4630f3e8885c35281a49ae
    dependencies: []
    source:
      registry_url: https://components.espressif.com/
      type: service
    version: 9.5.0
direct_dependencies:
- idf
- lvgl/lvgl
manifest_hash: 011023129f8399abf87a8bc36c4f693840cb39a4562563aa251306ed3f332ab5
target: esp32s3
version: 2.0.0
